{
  "lockfile_version": "1",
  "packages": {
    "dotnet-sdk_10@latest": {
      "last_modified": "2026-05-13T11:46:26Z",
      "resolved": "github:NixOS/nixpkgs/eef00dfd8a712b34af845f9350bac681b1228bd1#dotnet-sdk_10",
      "source": "devbox-search",
      "version": "10.0.203",
      "systems": {
        "aarch64-darwin": {
          "outputs": [
            {
              "name": "out",
              "path": "/nix/store/y4qyrhaspvah58qgj54wms13v4jvkhnx-dotnet-sdk-wrapped-10.0.203",
              "default": true
            },
            {
              "name": "man",
              "path": "/nix/store/lph51dhm51qh7klq537x26l1bj1rrdx6-dotnet-sdk-wrapped-10.0.203-man",
              "default": true
            }
          ],
          "store_path": "/nix/store/y4qyrhaspvah58qgj54wms13v4jvkhnx-dotnet-sdk-wrapped-10.0.203"
        },
        "aarch64-linux": {
          "outputs": [
            {
              "name": "out",
              "path": "/nix/store/al69i6jf8hfz3r6l2078xgznm6250bcr-dotnet-sdk-wrapped-10.0.203",
              "default": true
            },
            {
              "name": "man",
              "path": "/nix/store/b5r36rsrviqr491167pqralj098mxih9-dotnet-sdk-wrapped-10.0.203-man",
              "default": true
            }
          ],
          "store_path": "/nix/store/al69i6jf8hfz3r6l2078xgznm6250bcr-dotnet-sdk-wrapped-10.0.203"
        },
        "x86_64-darwin": {
          "outputs": [
            {
              "name": "out",
              "path": "/nix/store/64q3g55is40zl1j97jsfyan912r1p682-dotnet-sdk-wrapped-10.0.203",
              "default": true
            }
          ],
          "store_path": "/nix/store/64q3g55is40zl1j97jsfyan912r1p682-dotnet-sdk-wrapped-10.0.203"
        },
        "x86_64-linux": {
          "outputs": [
            {
              "name": "out",
              "path": "/nix/store/ld2y35nvnksj23h939dr9nh93pmwlbwb-dotnet-sdk-wrapped-10.0.203",
              "default": true
            },
            {
              "name": "man",
              "path": "/nix/store/hgrb3ihxbbmwn0id8wzvz316125h8nzs-dotnet-sdk-wrapped-10.0.203-man",
              "default": true
            }
          ],
          "store_path": "/nix/store/ld2y35nvnksj23h939dr9nh93pmwlbwb-dotnet-sdk-wrapped-10.0.203"
        }
      }
    }
  }
}
